
Microsoft Visual Studio Solution File, Format Version 12.00
# Visual Studio Version 16
VisualStudioVersion = 16.0.32413.511
MinimumVisualStudioVersion = 10.0.40219.1
Project("{FAE04EC0-301F-11D3-BF4B-00C04F79EFBC}") = "WindowsFormsApp4", "WindowsFormsApp4\WindowsFormsApp4.csproj", "{927F0002-5201-42C9-8C4E-09ABFA034F83}"
EndProject
Project("{FAE04EC0-301F-11D3-BF4B-00C04F79EFBC}") = "TestProject2", "TestProject2\TestProject2.csproj", "{8DD43FCE-9026-4C77-BD08-BFDB6DBC93FE}"
EndProject
Global
	GlobalSection(SolutionConfigurationPlatforms) = preSolution
		Debug|Any CPU = Debug|Any CPU
		Release|Any CPU = Release|Any CPU
	EndGlobalSection
	GlobalSection(ProjectConfigurationPlatforms) = postSolution
		{927F0002-5201-42C9-8C4E-09ABFA034F83}.Debug|Any CPU.ActiveCfg = Debug|Any CPU
		{927F0002-5201-42C9-8C4E-09ABFA034F83}.Debug|Any CPU.Build.0 = Debug|Any CPU
		{927F0002-5201-42C9-8C4E-09ABFA034F83}.Release|Any CPU.ActiveCfg = Release|Any CPU
		{927F0002-5201-42C9-8C4E-09ABFA034F83}.Release|Any CPU.Build.0 = Release|Any CPU
		{8DD43FCE-9026-4C77-BD08-BFDB6DBC93FE}.Debug|Any CPU.ActiveCfg = Debug|Any CPU
		{8DD43FCE-9026-4C77-BD08-BFDB6DBC93FE}.Debug|Any CPU.Build.0 = Debug|Any CPU
		{8DD43FCE-9026-4C77-BD08-BFDB6DBC93FE}.Release|Any CPU.ActiveCfg = Release|Any CPU
		{8DD43FCE-9026-4C77-BD08-BFDB6DBC93FE}.Release|Any CPU.Build.0 = Release|Any CPU
	EndGlobalSection
	GlobalSection(SolutionProperties) = preSolution
		HideSolutionNode = FALSE
	EndGlobalSection
	GlobalSection(ExtensibilityGlobals) = postSolution
		SolutionGuid = {CA7E0582-22A4-4383-9C5C-46E3F4A67DCE}
	EndGlobalSection
EndGlobal
